
Microsoft Visual Studio Solution File, Format Version 12.00
# Visual Studio Version 16
VisualStudioVersion = 16.0.30804.86
MinimumVisualStudioVersion = 10.0.40219.1
Project("{FAE04EC0-301F-11D3-BF4B-00C04F79EFBC}") = "VRK_PlayWithoutVR", "VRK_PlayWithoutVR\VRK_PlayWithoutVR.csproj", "{AAA885BD-BFC7-42EC-A957-7A2BD0053FA5}"
EndProject
Project("{FAE04EC0-301F-11D3-BF4B-00C04F79EFBC}") = "VRK_UncensorLoader", "VRK_UncensorLoader\VRK_UncensorLoader.csproj", "{DCDE8840-8924-4D03-9FE4-96293FAA9DE0}"
EndProject
Global
	GlobalSection(SolutionConfigurationPlatforms) = preSolution
		Debug|Any CPU = Debug|Any CPU
		Release|Any CPU = Release|Any CPU
	EndGlobalSection
	GlobalSection(ProjectConfigurationPlatforms) = postSolution
		{AAA885BD-BFC7-42EC-A957-7A2BD0053FA5}.Debug|Any CPU.ActiveCfg = Debug|Any CPU
		{AAA885BD-BFC7-42EC-A957-7A2BD0053FA5}.Debug|Any CPU.Build.0 = Debug|Any CPU
		{AAA885BD-BFC7-42EC-A957-7A2BD0053FA5}.Release|Any CPU.ActiveCfg = Release|Any CPU
		{AAA885BD-BFC7-42EC-A957-7A2BD0053FA5}.Release|Any CPU.Build.0 = Release|Any CPU
		{DCDE8840-8924-4D03-9FE4-96293FAA9DE0}.Debug|Any CPU.ActiveCfg = Debug|Any CPU
		{DCDE8840-8924-4D03-9FE4-96293FAA9DE0}.Debug|Any CPU.Build.0 = Debug|Any CPU
		{DCDE8840-8924-4D03-9FE4-96293FAA9DE0}.Release|Any CPU.ActiveCfg = Release|Any CPU
		{DCDE8840-8924-4D03-9FE4-96293FAA9DE0}.Release|Any CPU.Build.0 = Release|Any CPU
	EndGlobalSection
	GlobalSection(SolutionProperties) = preSolution
		HideSolutionNode = FALSE
	EndGlobalSection
	GlobalSection(ExtensibilityGlobals) = postSolution
		SolutionGuid = {7F34DBEE-3CC0-4BFA-BB4F-95DF05DB5938}
	EndGlobalSection
EndGlobal
